
Microsoft Visual Studio Solution File, Format Version 12.00
# Visual Studio Version 17
VisualStudioVersion = 17.9.34728.123
MinimumVisualStudioVersion = 10.0.40219.1
Project("{2150E333-8FDC-42A3-9474-1A3956D46DE8}") = "src", "src", "{D3607C71-A731-4A1F-BF4B-9E5830BDB574}"
EndProject
Project("{9A19103F-16F7-4668-BE54-9A1E7A4F7556}") = "StyleTransferDemo.Blazor", "src\StyleTransferDemo.Blazor\StyleTransferDemo.Blazor.csproj", "{D31773F1-339E-4D8A-BB02-07A77EF35F1E}"
EndProject
Project("{9A19103F-16F7-4668-BE54-9A1E7A4F7556}") = "StyleTransferDemo.Demo", "src\StyleTransferDemo.Demo\StyleTransferDemo.Demo.csproj", "{0A38C2D0-C530-4FCB-955D-FCFEF45E9307}"
EndProject
Global
	GlobalSection(SolutionConfigurationPlatforms) = preSolution
		Debug|Any CPU = Debug|Any CPU
		Release|Any CPU = Release|Any CPU
	EndGlobalSection
	GlobalSection(ProjectConfigurationPlatforms) = postSolution
		{D31773F1-339E-4D8A-BB02-07A77EF35F1E}.Debug|Any CPU.ActiveCfg = Debug|Any CPU
		{D31773F1-339E-4D8A-BB02-07A77EF35F1E}.Debug|Any CPU.Build.0 = Debug|Any CPU
		{D31773F1-339E-4D8A-BB02-07A77EF35F1E}.Release|Any CPU.ActiveCfg = Release|Any CPU
		{D31773F1-339E-4D8A-BB02-07A77EF35F1E}.Release|Any CPU.Build.0 = Release|Any CPU
		{0A38C2D0-C530-4FCB-955D-FCFEF45E9307}.Debug|Any CPU.ActiveCfg = Debug|Any CPU
		{0A38C2D0-C530-4FCB-955D-FCFEF45E9307}.Debug|Any CPU.Build.0 = Debug|Any CPU
		{0A38C2D0-C530-4FCB-955D-FCFEF45E9307}.Release|Any CPU.ActiveCfg = Release|Any CPU
		{0A38C2D0-C530-4FCB-955D-FCFEF45E9307}.Release|Any CPU.Build.0 = Release|Any CPU
	EndGlobalSection
	GlobalSection(SolutionProperties) = preSolution
		HideSolutionNode = FALSE
	EndGlobalSection
	GlobalSection(NestedProjects) = preSolution
		{D31773F1-339E-4D8A-BB02-07A77EF35F1E} = {D3607C71-A731-4A1F-BF4B-9E5830BDB574}
		{0A38C2D0-C530-4FCB-955D-FCFEF45E9307} = {D3607C71-A731-4A1F-BF4B-9E5830BDB574}
	EndGlobalSection
	GlobalSection(ExtensibilityGlobals) = postSolution
		SolutionGuid = {1569739F-0D54-46AF-BD3C-600F7312D62B}
	EndGlobalSection
EndGlobal
